
Microsoft Visual Studio Solution File, Format Version 12.00
# Visual Studio Version 17
VisualStudioVersion = 17.3.32819.101
MinimumVisualStudioVersion = 10.0.40219.1
Project("{9A19103F-16F7-4668-BE54-9A1E7A4F7556}") = "ProgrammersBlog.Entities", "ProgrammersBlog.Entities\ProgrammersBlog.Entities.csproj", "{20C208C4-BC25-40C5-B359-170C322AC972}"
EndProject
Project("{9A19103F-16F7-4668-BE54-9A1E7A4F7556}") = "ProgrammersBlog.DataAccess", "ProgrammersBlog.DataAccess\ProgrammersBlog.DataAccess.csproj", "{E644E651-04EA-4608-B98D-5CD12CD5E995}"
EndProject
Project("{9A19103F-16F7-4668-BE54-9A1E7A4F7556}") = "ProgrammersBlog.Services", "ProgrammersBlog.Services\ProgrammersBlog.Services.csproj", "{E15E08C1-1AEC-4507-8B0B-A292D95360C4}"
EndProject
Project("{9A19103F-16F7-4668-BE54-9A1E7A4F7556}") = "NetCoreMvc", "ProgrammersBlog.Mvc\NetCoreMvc.csproj", "{FBC1CB23-3FEB-4683-A7C6-68CBA4B98713}"
EndProject
Project("{9A19103F-16F7-4668-BE54-9A1E7A4F7556}") = "ProgrammersBlog.API", "ProgrammersBlog.API\ProgrammersBlog.API.csproj", "{7C8EB631-6D23-4531-8AD0-841A02AEC920}"
EndProject
Project("{2150E333-8FDC-42A3-9474-1A3956D46DE8}") = "ProgrammersBlog.Presentations", "ProgrammersBlog.Presentations", "{F54DF0AB-CFC4-45D0-815B-5941184799D8}"
EndProject
Project("{9A19103F-16F7-4668-BE54-9A1E7A4F7556}") = "BlazorUI", "ProgrammersBlog.Presentations\BlazorUI\BlazorUI.csproj", "{BF578C10-CC7C-45C5-86F8-21705BD985F6}"
EndProject
Project("{9A19103F-16F7-4668-BE54-9A1E7A4F7556}") = "ConsoleUI", "ProgrammersBlog.Presentations\ConsoleUI\ConsoleUI.csproj", "{2BD9B69C-88A8-4A46-A7B6-7C03F1068B2E}"
EndProject
Project("{9A19103F-16F7-4668-BE54-9A1E7A4F7556}") = "Consumer", "Consumer\Consumer.csproj", "{F5117B52-9ED9-4EA9-9A04-097F634F746A}"
EndProject
Global
	GlobalSection(SolutionConfigurationPlatforms) = preSolution
		Debug|Any CPU = Debug|Any CPU
		Release|Any CPU = Release|Any CPU
	EndGlobalSection
	GlobalSection(ProjectConfigurationPlatforms) = postSolution
		{20C208C4-BC25-40C5-B359-170C322AC972}.Debug|Any CPU.ActiveCfg = Debug|Any CPU
		{20C208C4-BC25-40C5-B359-170C322AC972}.Debug|Any CPU.Build.0 = Debug|Any CPU
		{20C208C4-BC25-40C5-B359-170C322AC972}.Release|Any CPU.ActiveCfg = Release|Any CPU
		{20C208C4-BC25-40C5-B359-170C322AC972}.Release|Any CPU.Build.0 = Release|Any CPU
		{E644E651-04EA-4608-B98D-5CD12CD5E995}.Debug|Any CPU.ActiveCfg = Debug|Any CPU
		{E644E651-04EA-4608-B98D-5CD12CD5E995}.Debug|Any CPU.Build.0 = Debug|Any CPU
		{E644E651-04EA-4608-B98D-5CD12CD5E995}.Release|Any CPU.ActiveCfg = Release|Any CPU
		{E644E651-04EA-4608-B98D-5CD12CD5E995}.Release|Any CPU.Build.0 = Release|Any CPU
		{E15E08C1-1AEC-4507-8B0B-A292D95360C4}.Debug|Any CPU.ActiveCfg = Debug|Any CPU
		{E15E08C1-1AEC-4507-8B0B-A292D95360C4}.Debug|Any CPU.Build.0 = Debug|Any CPU
		{E15E08C1-1AEC-4507-8B0B-A292D95360C4}.Release|Any CPU.ActiveCfg = Release|Any CPU
		{E15E08C1-1AEC-4507-8B0B-A292D95360C4}.Release|Any CPU.Build.0 = Release|Any CPU
		{FBC1CB23-3FEB-4683-A7C6-68CBA4B98713}.Debug|Any CPU.ActiveCfg = Debug|Any CPU
		{FBC1CB23-3FEB-4683-A7C6-68CBA4B98713}.Debug|Any CPU.Build.0 = Debug|Any CPU
		{FBC1CB23-3FEB-4683-A7C6-68CBA4B98713}.Release|Any CPU.ActiveCfg = Release|Any CPU
		{FBC1CB23-3FEB-4683-A7C6-68CBA4B98713}.Release|Any CPU.Build.0 = Release|Any CPU
		{7C8EB631-6D23-4531-8AD0-841A02AEC920}.Debug|Any CPU.ActiveCfg = Debug|Any CPU
		{7C8EB631-6D23-4531-8AD0-841A02AEC920}.Debug|Any CPU.Build.0 = Debug|Any CPU
		{7C8EB631-6D23-4531-8AD0-841A02AEC920}.Release|Any CPU.ActiveCfg = Release|Any CPU
		{7C8EB631-6D23-4531-8AD0-841A02AEC920}.Release|Any CPU.Build.0 = Release|Any CPU
		{BF578C10-CC7C-45C5-86F8-21705BD985F6}.Debug|Any CPU.ActiveCfg = Debug|Any CPU
		{BF578C10-CC7C-45C5-86F8-21705BD985F6}.Debug|Any CPU.Build.0 = Debug|Any CPU
		{BF578C10-CC7C-45C5-86F8-21705BD985F6}.Release|Any CPU.ActiveCfg = Release|Any CPU
		{BF578C10-CC7C-45C5-86F8-21705BD985F6}.Release|Any CPU.Build.0 = Release|Any CPU
		{2BD9B69C-88A8-4A46-A7B6-7C03F1068B2E}.Debug|Any CPU.ActiveCfg = Debug|Any CPU
		{2BD9B69C-88A8-4A46-A7B6-7C03F1068B2E}.Debug|Any CPU.Build.0 = Debug|Any CPU
		{2BD9B69C-88A8-4A46-A7B6-7C03F1068B2E}.Release|Any CPU.ActiveCfg = Release|Any CPU
		{2BD9B69C-88A8-4A46-A7B6-7C03F1068B2E}.Release|Any CPU.Build.0 = Release|Any CPU
		{F5117B52-9ED9-4EA9-9A04-097F634F746A}.Debug|Any CPU.ActiveCfg = Debug|Any CPU
		{F5117B52-9ED9-4EA9-9A04-097F634F746A}.Debug|Any CPU.Build.0 = Debug|Any CPU
		{F5117B52-9ED9-4EA9-9A04-097F634F746A}.Release|Any CPU.ActiveCfg = Release|Any CPU
		{F5117B52-9ED9-4EA9-9A04-097F634F746A}.Release|Any CPU.Build.0 = Release|Any CPU
	EndGlobalSection
	GlobalSection(SolutionProperties) = preSolution
		HideSolutionNode = FALSE
	EndGlobalSection
	GlobalSection(NestedProjects) = preSolution
		{FBC1CB23-3FEB-4683-A7C6-68CBA4B98713} = {F54DF0AB-CFC4-45D0-815B-5941184799D8}
		{BF578C10-CC7C-45C5-86F8-21705BD985F6} = {F54DF0AB-CFC4-45D0-815B-5941184799D8}
		{2BD9B69C-88A8-4A46-A7B6-7C03F1068B2E} = {F54DF0AB-CFC4-45D0-815B-5941184799D8}
		{F5117B52-9ED9-4EA9-9A04-097F634F746A} = {F54DF0AB-CFC4-45D0-815B-5941184799D8}
	EndGlobalSection
	GlobalSection(ExtensibilityGlobals) = postSolution
		SolutionGuid = {60E7D1B7-D146-43E2-888B-2C6EA8227478}
	EndGlobalSection
EndGlobal
